
Microsoft Visual Studio Solution File, Format Version 12.00
# Visual Studio Version 17
VisualStudioVersion = 17.12.35707.178 d17.12
MinimumVisualStudioVersion = 10.0.40219.1
Project("{FAE04EC0-301F-11D3-BF4B-00C04F79EFBC}") = "DynamicallyCreateObjects", "DynamicallyCreateObjects.csproj", "{FCF54493-3BFD-43D4-8A2C-E2D2C89BD3DB}"
EndProject
Global
	GlobalSection(SolutionConfigurationPlatforms) = preSolution
		Debug|Any CPU = Debug|Any CPU
		Release|Any CPU = Release|Any CPU
	EndGlobalSection
	GlobalSection(ProjectConfigurationPlatforms) = postSolution
		{FCF54493-3BFD-43D4-8A2C-E2D2C89BD3DB}.Debug|Any CPU.ActiveCfg = Debug|Any CPU
		{FCF54493-3BFD-43D4-8A2C-E2D2C89BD3DB}.Debug|Any CPU.Build.0 = Debug|Any CPU
		{FCF54493-3BFD-43D4-8A2C-E2D2C89BD3DB}.Release|Any CPU.ActiveCfg = Release|Any CPU
		{FCF54493-3BFD-43D4-8A2C-E2D2C89BD3DB}.Release|Any CPU.Build.0 = Release|Any CPU
	EndGlobalSection
	GlobalSection(SolutionProperties) = preSolution
		HideSolutionNode = FALSE
	EndGlobalSection
EndGlobal
